// !$*UTF8*$!
{
	archiveVersion = 1;
	classes = {
	};
	objectVersion = 56;
	objects = {

/* Begin PBXBuildFile section */
		A1000001000000000000001 /* CloudViewApp.swift in Sources */ = {isa = PBXBuildFile; fileRef = A1000002000000000000001 /* CloudViewApp.swift */; };
		A1000003000000000000001 /* ContentView.swift in Sources */ = {isa = PBXBuildFile; fileRef = A1000004000000000000001 /* ContentView.swift */; };
		A1000005000000000000001 /* ARViewModel.swift in Sources */ = {isa = PBXBuildFile; fileRef = A1000006000000000000001 /* ARViewModel.swift */; };
		A1000007000000000000001 /* CloudDetector.swift in Sources */ = {isa = PBXBuildFile; fileRef = A1000008000000000000001 /* CloudDetector.swift */; };
		A1000009000000000000001 /* DrawingLibrary.swift in Sources */ = {isa = PBXBuildFile; fileRef = A1000010000000000000001 /* DrawingLibrary.swift */; };
		A1000011000000000000001 /* AnimatedDrawing.swift in Sources */ = {isa = PBXBuildFile; fileRef = A1000012000000000000001 /* AnimatedDrawing.swift */; };
		A1000013000000000000001 /* WeatherService.swift in Sources */ = {isa = PBXBuildFile; fileRef = A1000014000000000000001 /* WeatherService.swift */; };
		A1000015000000000000001 /* WeatherView.swift in Sources */ = {isa = PBXBuildFile; fileRef = A1000016000000000000001 /* WeatherView.swift */; };
		A1000017000000000000001 /* ARViewContainer.swift in Sources */ = {isa = PBXBuildFile; fileRef = A1000018000000000000001 /* ARViewContainer.swift */; };
		A1000019000000000000001 /* Assets.xcassets in Resources */ = {isa = PBXBuildFile; fileRef = A1000020000000000000001 /* Assets.xcassets */; };
		A1000041000000000000001 /* AppDelegate.swift in Sources */ = {isa = PBXBuildFile; fileRef = A1000042000000000000001 /* AppDelegate.swift */; };
		A1000043000000000000001 /* DesignSystem.swift in Sources */ = {isa = PBXBuildFile; fileRef = A1000044000000000000001 /* DesignSystem.swift */; };
		A1000045000000000000001 /* LaunchScreen.swift in Sources */ = {isa = PBXBuildFile; fileRef = A1000046000000000000001 /* LaunchScreen.swift */; };
		A1000047000000000000001 /* NotificationService.swift in Sources */ = {isa = PBXBuildFile; fileRef = A1000048000000000000001 /* NotificationService.swift */; };
		A1000049000000000000001 /* ScanReportingService.swift in Sources */ = {isa = PBXBuildFile; fileRef = A1000050000000000000001 /* ScanReportingService.swift */; };
		A1000051000000000000001 /* SolarCalculator.swift in Sources */ = {isa = PBXBuildFile; fileRef = A1000052000000000000001 /* SolarCalculator.swift */; };
		A1000054000000000000001 /* BackendConfig.swift in Sources */ = {isa = PBXBuildFile; fileRef = A1000055000000000000001 /* BackendConfig.swift */; };
		A1000056000000000000001 /* DrawingCategoryTests.swift in Sources */ = {isa = PBXBuildFile; fileRef = A1000057000000000000001 /* DrawingCategoryTests.swift */; };
		A1000058000000000000001 /* CombinationRulesTests.swift in Sources */ = {isa = PBXBuildFile; fileRef = A1000059000000000000001 /* CombinationRulesTests.swift */; };
		A1000060000000000000001 /* SolarCalculatorTests.swift in Sources */ = {isa = PBXBuildFile; fileRef = A1000061000000000000001 /* SolarCalculatorTests.swift */; };
		A1000062000000000000001 /* BackendConfigTests.swift in Sources */ = {isa = PBXBuildFile; fileRef = A1000063000000000000001 /* BackendConfigTests.swift */; };
		A1000075000000000000001 /* AppState.swift in Sources */ = {isa = PBXBuildFile; fileRef = A1000076000000000000001 /* AppState.swift */; };
		A1000081000000000000001 /* SettingsView.swift in Sources */ = {isa = PBXBuildFile; fileRef = A1000082000000000000001 /* SettingsView.swift */; };
		A1000083000000000000001 /* CloudCluster.swift in Sources */ = {isa = PBXBuildFile; fileRef = A1000084000000000000001 /* CloudCluster.swift */; };
		A1000085000000000000001 /* Interpretation.swift in Sources */ = {isa = PBXBuildFile; fileRef = A1000086000000000000001 /* Interpretation.swift */; };
		A1000087000000000000001 /* CloudShapeSignature.swift in Sources */ = {isa = PBXBuildFile; fileRef = A1000088000000000000001 /* CloudShapeSignature.swift */; };
		A1000089000000000000001 /* CloudRecognitionService.swift in Sources */ = {isa = PBXBuildFile; fileRef = A1000090000000000000001 /* CloudRecognitionService.swift */; };
		A1000091000000000000001 /* CloudShapeSignatureTests.swift in Sources */ = {isa = PBXBuildFile; fileRef = A1000092000000000000001 /* CloudShapeSignatureTests.swift */; };
		A1000093000000000000001 /* CLIPImageEncoder.swift in Sources */ = {isa = PBXBuildFile; fileRef = A1000094000000000000001 /* CLIPImageEncoder.swift */; };
		A1000095000000000000001 /* CloudSilhouetteRenderer.swift in Sources */ = {isa = PBXBuildFile; fileRef = A1000096000000000000001 /* CloudSilhouetteRenderer.swift */; };
		A1000097000000000000001 /* LabelEmbeddingMatcher.swift in Sources */ = {isa = PBXBuildFile; fileRef = A1000098000000000000001 /* LabelEmbeddingMatcher.swift */; };
		A1000099000000000000001 /* CloudClusteringService.swift in Sources */ = {isa = PBXBuildFile; fileRef = A1000100000000000000001 /* CloudClusteringService.swift */; };
		A1000101000000000000001 /* AnnotationHints.swift in Sources */ = {isa = PBXBuildFile; fileRef = A1000102000000000000001 /* AnnotationHints.swift */; };
		A1000108000000000000001 /* DiagnosticsService.swift in Sources */ = {isa = PBXBuildFile; fileRef = A1000109000000000000001 /* DiagnosticsService.swift */; };
		A1000110000000000000001 /* FeedbackService.swift in Sources */ = {isa = PBXBuildFile; fileRef = A1000111000000000000001 /* FeedbackService.swift */; };
		A1000103000000000000001 /* AnnotationHints.json in Resources */ = {isa = PBXBuildFile; fileRef = A1000104000000000000001 /* AnnotationHints.json */; };
		A1000106000000000000001 /* Localizable.xcstrings in Resources */ = {isa = PBXBuildFile; fileRef = A1000107000000000000001 /* Localizable.xcstrings */; };
/* End PBXBuildFile section */

/* Begin PBXFileReference section */
		A1000021000000000000001 /* CloudView.app */ = {isa = PBXFileReference; explicitFileType = wrapper.application; includeInIndex = 0; path = CloudView.app; sourceTree = BUILT_PRODUCTS_DIR; };
		A1000002000000000000001 /* CloudViewApp.swift */ = {isa = PBXFileReference; lastKnownFileType = sourcecode.swift; path = CloudViewApp.swift; sourceTree = "<group>"; };
		A1000004000000000000001 /* ContentView.swift */ = {isa = PBXFileReference; lastKnownFileType = sourcecode.swift; path = ContentView.swift; sourceTree = "<group>"; };
		A1000006000000000000001 /* ARViewModel.swift */ = {isa = PBXFileReference; lastKnownFileType = sourcecode.swift; path = ARViewModel.swift; sourceTree = "<group>"; };
		A1000008000000000000001 /* CloudDetector.swift */ = {isa = PBXFileReference; lastKnownFileType = sourcecode.swift; path = CloudDetector.swift; sourceTree = "<group>"; };
		A1000010000000000000001 /* DrawingLibrary.swift */ = {isa = PBXFileReference; lastKnownFileType = sourcecode.swift; path = DrawingLibrary.swift; sourceTree = "<group>"; };
		A1000012000000000000001 /* AnimatedDrawing.swift */ = {isa = PBXFileReference; lastKnownFileType = sourcecode.swift; path = AnimatedDrawing.swift; sourceTree = "<group>"; };
		A1000014000000000000001 /* WeatherService.swift */ = {isa = PBXFileReference; lastKnownFileType = sourcecode.swift; path = WeatherService.swift; sourceTree = "<group>"; };
		A1000016000000000000001 /* WeatherView.swift */ = {isa = PBXFileReference; lastKnownFileType = sourcecode.swift; path = WeatherView.swift; sourceTree = "<group>"; };
		A1000018000000000000001 /* ARViewContainer.swift */ = {isa = PBXFileReference; lastKnownFileType = sourcecode.swift; path = ARViewContainer.swift; sourceTree = "<group>"; };
		A1000020000000000000001 /* Assets.xcassets */ = {isa = PBXFileReference; lastKnownFileType = folder.assetcatalog; path = Assets.xcassets; sourceTree = "<group>"; };
		A1000022000000000000001 /* Info.plist */ = {isa = PBXFileReference; lastKnownFileType = text.plist.xml; path = Info.plist; sourceTree = "<group>"; };
		A1000042000000000000001 /* AppDelegate.swift */ = {isa = PBXFileReference; lastKnownFileType = sourcecode.swift; path = AppDelegate.swift; sourceTree = "<group>"; };
		A1000044000000000000001 /* DesignSystem.swift */ = {isa = PBXFileReference; lastKnownFileType = sourcecode.swift; path = DesignSystem.swift; sourceTree = "<group>"; };
		A1000046000000000000001 /* LaunchScreen.swift */ = {isa = PBXFileReference; lastKnownFileType = sourcecode.swift; path = LaunchScreen.swift; sourceTree = "<group>"; };
		A1000048000000000000001 /* NotificationService.swift */ = {isa = PBXFileReference; lastKnownFileType = sourcecode.swift; path = NotificationService.swift; sourceTree = "<group>"; };
		A1000050000000000000001 /* ScanReportingService.swift */ = {isa = PBXFileReference; lastKnownFileType = sourcecode.swift; path = ScanReportingService.swift; sourceTree = "<group>"; };
		A1000052000000000000001 /* SolarCalculator.swift */ = {isa = PBXFileReference; lastKnownFileType = sourcecode.swift; path = SolarCalculator.swift; sourceTree = "<group>"; };
		A1000055000000000000001 /* BackendConfig.swift */ = {isa = PBXFileReference; lastKnownFileType = sourcecode.swift; path = BackendConfig.swift; sourceTree = "<group>"; };
		A1000057000000000000001 /* DrawingCategoryTests.swift */ = {isa = PBXFileReference; lastKnownFileType = sourcecode.swift; path = DrawingCategoryTests.swift; sourceTree = "<group>"; };
		A1000059000000000000001 /* CombinationRulesTests.swift */ = {isa = PBXFileReference; lastKnownFileType = sourcecode.swift; path = CombinationRulesTests.swift; sourceTree = "<group>"; };
		A1000061000000000000001 /* SolarCalculatorTests.swift */ = {isa = PBXFileReference; lastKnownFileType = sourcecode.swift; path = SolarCalculatorTests.swift; sourceTree = "<group>"; };
		A1000063000000000000001 /* BackendConfigTests.swift */ = {isa = PBXFileReference; lastKnownFileType = sourcecode.swift; path = BackendConfigTests.swift; sourceTree = "<group>"; };
		A1000064000000000000001 /* CloudViewTests.xctest */ = {isa = PBXFileReference; explicitFileType = wrapper.cfbundle; includeInIndex = 0; path = CloudViewTests.xctest; sourceTree = BUILT_PRODUCTS_DIR; };
		A1000076000000000000001 /* AppState.swift */ = {isa = PBXFileReference; lastKnownFileType = sourcecode.swift; path = AppState.swift; sourceTree = "<group>"; };
		A1000080000000000000001 /* CloudView.entitlements */ = {isa = PBXFileReference; lastKnownFileType = text.plist.entitlements; path = CloudView.entitlements; sourceTree = "<group>"; };
		A1000082000000000000001 /* SettingsView.swift */ = {isa = PBXFileReference; lastKnownFileType = sourcecode.swift; path = SettingsView.swift; sourceTree = "<group>"; };
		A1000084000000000000001 /* CloudCluster.swift */ = {isa = PBXFileReference; lastKnownFileType = sourcecode.swift; path = CloudCluster.swift; sourceTree = "<group>"; };
		A1000086000000000000001 /* Interpretation.swift */ = {isa = PBXFileReference; lastKnownFileType = sourcecode.swift; path = Interpretation.swift; sourceTree = "<group>"; };
		A1000088000000000000001 /* CloudShapeSignature.swift */ = {isa = PBXFileReference; lastKnownFileType = sourcecode.swift; path = CloudShapeSignature.swift; sourceTree = "<group>"; };
		A1000090000000000000001 /* CloudRecognitionService.swift */ = {isa = PBXFileReference; lastKnownFileType = sourcecode.swift; path = CloudRecognitionService.swift; sourceTree = "<group>"; };
		A1000092000000000000001 /* CloudShapeSignatureTests.swift */ = {isa = PBXFileReference; lastKnownFileType = sourcecode.swift; path = CloudShapeSignatureTests.swift; sourceTree = "<group>"; };
		A1000094000000000000001 /* CLIPImageEncoder.swift */ = {isa = PBXFileReference; lastKnownFileType = sourcecode.swift; path = CLIPImageEncoder.swift; sourceTree = "<group>"; };
		A1000096000000000000001 /* CloudSilhouetteRenderer.swift */ = {isa = PBXFileReference; lastKnownFileType = sourcecode.swift; path = CloudSilhouetteRenderer.swift; sourceTree = "<group>"; };
		A1000098000000000000001 /* LabelEmbeddingMatcher.swift */ = {isa = PBXFileReference; lastKnownFileType = sourcecode.swift; path = LabelEmbeddingMatcher.swift; sourceTree = "<group>"; };
		A1000100000000000000001 /* CloudClusteringService.swift */ = {isa = PBXFileReference; lastKnownFileType = sourcecode.swift; path = CloudClusteringService.swift; sourceTree = "<group>"; };
		A1000102000000000000001 /* AnnotationHints.swift */ = {isa = PBXFileReference; lastKnownFileType = sourcecode.swift; path = AnnotationHints.swift; sourceTree = "<group>"; };
		A1000109000000000000001 /* DiagnosticsService.swift */ = {isa = PBXFileReference; lastKnownFileType = sourcecode.swift; path = DiagnosticsService.swift; sourceTree = "<group>"; };
		A1000111000000000000001 /* FeedbackService.swift */ = {isa = PBXFileReference; lastKnownFileType = sourcecode.swift; path = FeedbackService.swift; sourceTree = "<group>"; };
		A1000104000000000000001 /* AnnotationHints.json */ = {isa = PBXFileReference; lastKnownFileType = text.json; path = AnnotationHints.json; sourceTree = "<group>"; };
		A1000107000000000000001 /* Localizable.xcstrings */ = {isa = PBXFileReference; lastKnownFileType = text.json.xcstrings; path = Localizable.xcstrings; sourceTree = "<group>"; };
/* End PBXFileReference section */

/* Begin PBXContainerItemProxy section */
		A1000065000000000000001 /* PBXContainerItemProxy */ = {
			isa = PBXContainerItemProxy;
			containerPortal = A1000035000000000000001 /* Project object */;
			proxyType = 1;
			remoteGlobalIDString = A1000031000000000000001;
			remoteInfo = CloudView;
		};
/* End PBXContainerItemProxy section */

/* Begin PBXFrameworksBuildPhase section */
		A1000023000000000000001 /* Frameworks */ = {
			isa = PBXFrameworksBuildPhase;
			buildActionMask = 2147483647;
			files = (
			);
			runOnlyForDeploymentPostprocessing = 0;
		};
		A1000070000000000000001 /* Frameworks */ = {
			isa = PBXFrameworksBuildPhase;
			buildActionMask = 2147483647;
			files = (
			);
			runOnlyForDeploymentPostprocessing = 0;
		};
/* End PBXFrameworksBuildPhase section */

/* Begin PBXGroup section */
		A1000024000000000000001 = {
			isa = PBXGroup;
			children = (
				A1000025000000000000001 /* CloudView */,
				A1000067000000000000001 /* CloudViewTests */,
				A1000026000000000000001 /* Products */,
			);
			sourceTree = "<group>";
		};
		A1000025000000000000001 /* CloudView */ = {
			isa = PBXGroup;
			children = (
				A1000002000000000000001 /* CloudViewApp.swift */,
				A1000042000000000000001 /* AppDelegate.swift */,
				A1000027000000000000001 /* Views */,
				A1000028000000000000001 /* ViewModels */,
				A1000029000000000000001 /* Services */,
				A1000030000000000000001 /* Models */,
				A1000053000000000000001 /* Design */,
				A1000105000000000000001 /* Resources */,
				A1000020000000000000001 /* Assets.xcassets */,
				A1000022000000000000001 /* Info.plist */,
				A1000080000000000000001 /* CloudView.entitlements */,
			);
			path = CloudView;
			sourceTree = "<group>";
		};
		A1000105000000000000001 /* Resources */ = {
			isa = PBXGroup;
			children = (
				A1000104000000000000001 /* AnnotationHints.json */,
				A1000107000000000000001 /* Localizable.xcstrings */,
			);
			path = Resources;
			sourceTree = "<group>";
		};
		A1000026000000000000001 /* Products */ = {
			isa = PBXGroup;
			children = (
				A1000021000000000000001 /* CloudView.app */,
				A1000064000000000000001 /* CloudViewTests.xctest */,
			);
			name = Products;
			sourceTree = "<group>";
		};
		A1000027000000000000001 /* Views */ = {
			isa = PBXGroup;
			children = (
				A1000004000000000000001 /* ContentView.swift */,
				A1000018000000000000001 /* ARViewContainer.swift */,
				A1000016000000000000001 /* WeatherView.swift */,
				A1000046000000000000001 /* LaunchScreen.swift */,
				A1000082000000000000001 /* SettingsView.swift */,
			);
			path = Views;
			sourceTree = "<group>";
		};
		A1000028000000000000001 /* ViewModels */ = {
			isa = PBXGroup;
			children = (
				A1000006000000000000001 /* ARViewModel.swift */,
			);
			path = ViewModels;
			sourceTree = "<group>";
		};
		A1000029000000000000001 /* Services */ = {
			isa = PBXGroup;
			children = (
				A1000008000000000000001 /* CloudDetector.swift */,
				A1000014000000000000001 /* WeatherService.swift */,
				A1000048000000000000001 /* NotificationService.swift */,
				A1000050000000000000001 /* ScanReportingService.swift */,
				A1000052000000000000001 /* SolarCalculator.swift */,
				A1000055000000000000001 /* BackendConfig.swift */,
				A1000088000000000000001 /* CloudShapeSignature.swift */,
				A1000090000000000000001 /* CloudRecognitionService.swift */,
				A1000094000000000000001 /* CLIPImageEncoder.swift */,
				A1000096000000000000001 /* CloudSilhouetteRenderer.swift */,
				A1000098000000000000001 /* LabelEmbeddingMatcher.swift */,
				A1000100000000000000001 /* CloudClusteringService.swift */,
				A1000102000000000000001 /* AnnotationHints.swift */,
				A1000109000000000000001 /* DiagnosticsService.swift */,
				A1000111000000000000001 /* FeedbackService.swift */,
			);
			path = Services;
			sourceTree = "<group>";
		};
		A1000030000000000000001 /* Models */ = {
			isa = PBXGroup;
			children = (
				A1000010000000000000001 /* DrawingLibrary.swift */,
				A1000012000000000000001 /* AnimatedDrawing.swift */,
				A1000076000000000000001 /* AppState.swift */,
				A1000084000000000000001 /* CloudCluster.swift */,
				A1000086000000000000001 /* Interpretation.swift */,
			);
			path = Models;
			sourceTree = "<group>";
		};
		A1000053000000000000001 /* Design */ = {
			isa = PBXGroup;
			children = (
				A1000044000000000000001 /* DesignSystem.swift */,
			);
			path = Design;
			sourceTree = "<group>";
		};
		A1000067000000000000001 /* CloudViewTests */ = {
			isa = PBXGroup;
			children = (
				A1000057000000000000001 /* DrawingCategoryTests.swift */,
				A1000059000000000000001 /* CombinationRulesTests.swift */,
				A1000061000000000000001 /* SolarCalculatorTests.swift */,
				A1000063000000000000001 /* BackendConfigTests.swift */,
				A1000092000000000000001 /* CloudShapeSignatureTests.swift */,
			);
			path = CloudViewTests;
			sourceTree = "<group>";
		};
/* End PBXGroup section */

/* Begin PBXNativeTarget section */
		A1000031000000000000001 /* CloudView */ = {
			isa = PBXNativeTarget;
			buildConfigurationList = A1000032000000000000001 /* Build configuration list for PBXNativeTarget "CloudView" */;
			buildPhases = (
				A1000033000000000000001 /* Sources */,
				A1000023000000000000001 /* Frameworks */,
				A1000034000000000000001 /* Resources */,
			);
			buildRules = (
			);
			dependencies = (
			);
			name = CloudView;
			productName = CloudView;
			productReference = A1000021000000000000001 /* CloudView.app */;
			productType = "com.apple.product-type.application";
		};
		A1000068000000000000001 /* CloudViewTests */ = {
			isa = PBXNativeTarget;
			buildConfigurationList = A1000074000000000000001 /* Build configuration list for PBXNativeTarget "CloudViewTests" */;
			buildPhases = (
				A1000069000000000000001 /* Sources */,
				A1000070000000000000001 /* Frameworks */,
				A1000071000000000000001 /* Resources */,
			);
			buildRules = (
			);
			dependencies = (
				A1000066000000000000001 /* PBXTargetDependency */,
			);
			name = CloudViewTests;
			productName = CloudViewTests;
			productReference = A1000064000000000000001 /* CloudViewTests.xctest */;
			productType = "com.apple.product-type.bundle.unit-test";
		};
/* End PBXNativeTarget section */

/* Begin PBXProject section */
		A1000035000000000000001 /* Project object */ = {
			isa = PBXProject;
			attributes = {
				BuildIndependentTargetsInParallel = 1;
				LastSwiftUpdateCheck = 1500;
				LastUpgradeCheck = 1500;
				TargetAttributes = {
					A1000031000000000000001 = {
						CreatedOnToolsVersion = 15.0;
					};
					A1000068000000000000001 = {
						CreatedOnToolsVersion = 15.0;
						TestTargetID = A1000031000000000000001;
					};
				};
			};
			buildConfigurationList = A1000036000000000000001 /* Build configuration list for PBXProject "CloudView" */;
			compatibilityVersion = "Xcode 14.0";
			developmentRegion = en;
			hasScannedForEncodings = 0;
			knownRegions = (
				en,
				Base,
			);
			mainGroup = A1000024000000000000001;
			productRefGroup = A1000026000000000000001 /* Products */;
			projectDirPath = "";
			projectRoot = "";
			targets = (
				A1000031000000000000001 /* CloudView */,
				A1000068000000000000001 /* CloudViewTests */,
			);
		};
/* End PBXProject section */

/* Begin PBXResourcesBuildPhase section */
		A1000034000000000000001 /* Resources */ = {
			isa = PBXResourcesBuildPhase;
			buildActionMask = 2147483647;
			files = (
				A1000019000000000000001 /* Assets.xcassets in Resources */,
				A1000103000000000000001 /* AnnotationHints.json in Resources */,
				A1000106000000000000001 /* Localizable.xcstrings in Resources */,
			);
			runOnlyForDeploymentPostprocessing = 0;
		};
		A1000071000000000000001 /* Resources */ = {
			isa = PBXResourcesBuildPhase;
			buildActionMask = 2147483647;
			files = (
			);
			runOnlyForDeploymentPostprocessing = 0;
		};
/* End PBXResourcesBuildPhase section */

/* Begin PBXSourcesBuildPhase section */
		A1000033000000000000001 /* Sources */ = {
			isa = PBXSourcesBuildPhase;
			buildActionMask = 2147483647;
			files = (
				A1000001000000000000001 /* CloudViewApp.swift in Sources */,
				A1000041000000000000001 /* AppDelegate.swift in Sources */,
				A1000003000000000000001 /* ContentView.swift in Sources */,
				A1000005000000000000001 /* ARViewModel.swift in Sources */,
				A1000007000000000000001 /* CloudDetector.swift in Sources */,
				A1000009000000000000001 /* DrawingLibrary.swift in Sources */,
				A1000011000000000000001 /* AnimatedDrawing.swift in Sources */,
				A1000013000000000000001 /* WeatherService.swift in Sources */,
				A1000015000000000000001 /* WeatherView.swift in Sources */,
				A1000017000000000000001 /* ARViewContainer.swift in Sources */,
				A1000043000000000000001 /* DesignSystem.swift in Sources */,
				A1000045000000000000001 /* LaunchScreen.swift in Sources */,
				A1000047000000000000001 /* NotificationService.swift in Sources */,
				A1000049000000000000001 /* ScanReportingService.swift in Sources */,
				A1000051000000000000001 /* SolarCalculator.swift in Sources */,
				A1000054000000000000001 /* BackendConfig.swift in Sources */,
				A1000075000000000000001 /* AppState.swift in Sources */,
				A1000081000000000000001 /* SettingsView.swift in Sources */,
				A1000083000000000000001 /* CloudCluster.swift in Sources */,
				A1000085000000000000001 /* Interpretation.swift in Sources */,
				A1000087000000000000001 /* CloudShapeSignature.swift in Sources */,
				A1000089000000000000001 /* CloudRecognitionService.swift in Sources */,
				A1000093000000000000001 /* CLIPImageEncoder.swift in Sources */,
				A1000095000000000000001 /* CloudSilhouetteRenderer.swift in Sources */,
				A1000097000000000000001 /* LabelEmbeddingMatcher.swift in Sources */,
				A1000099000000000000001 /* CloudClusteringService.swift in Sources */,
				A1000101000000000000001 /* AnnotationHints.swift in Sources */,
				A1000108000000000000001 /* DiagnosticsService.swift in Sources */,
				A1000110000000000000001 /* FeedbackService.swift in Sources */,
			);
			runOnlyForDeploymentPostprocessing = 0;
		};
		A1000069000000000000001 /* Sources */ = {
			isa = PBXSourcesBuildPhase;
			buildActionMask = 2147483647;
			files = (
				A1000056000000000000001 /* DrawingCategoryTests.swift in Sources */,
				A1000058000000000000001 /* CombinationRulesTests.swift in Sources */,
				A1000060000000000000001 /* SolarCalculatorTests.swift in Sources */,
				A1000062000000000000001 /* BackendConfigTests.swift in Sources */,
				A1000091000000000000001 /* CloudShapeSignatureTests.swift in Sources */,
			);
			runOnlyForDeploymentPostprocessing = 0;
		};
/* End PBXSourcesBuildPhase section */

/* Begin PBXTargetDependency section */
		A1000066000000000000001 /* PBXTargetDependency */ = {
			isa = PBXTargetDependency;
			target = A1000031000000000000001 /* CloudView */;
			targetProxy = A1000065000000000000001 /* PBXContainerItemProxy */;
		};
/* End PBXTargetDependency section */

/* Begin XCBuildConfiguration section */
		A1000037000000000000001 /* Debug */ = {
			isa = XCBuildConfiguration;
			buildSettings = {
				ALWAYS_SEARCH_USER_PATHS = NO;
				ASSETCATALOG_COMPILER_GENERATE_SWIFT_ASSET_SYMBOL_EXTENSIONS = YES;
				CLANG_ANALYZER_NONNULL = YES;
				CLANG_ANALYZER_NUMBER_OBJECT_CONVERSION = YES_AGGRESSIVE;
				CLANG_CXX_LANGUAGE_STANDARD = "gnu++20";
				CLANG_ENABLE_MODULES = YES;
				CLANG_ENABLE_OBJC_ARC = YES;
				CLANG_ENABLE_OBJC_WEAK = YES;
				CLANG_WARN_BLOCK_CAPTURE_AUTORELEASING = YES;
				CLANG_WARN_BOOL_CONVERSION = YES;
				CLANG_WARN_COMMA = YES;
				CLANG_WARN_CONSTANT_CONVERSION = YES;
				CLANG_WARN_DEPRECATED_OBJC_IMPLEMENTATIONS = YES;
				CLANG_WARN_DIRECT_OBJC_ISA_USAGE = YES_ERROR;
				CLANG_WARN_DOCUMENTATION_COMMENTS = YES;
				CLANG_WARN_EMPTY_BODY = YES;
				CLANG_WARN_ENUM_CONVERSION = YES;
				CLANG_WARN_INFINITE_RECURSION = YES;
				CLANG_WARN_INT_CONVERSION = YES;
				CLANG_WARN_NON_LITERAL_NULL_CONVERSION = YES;
				CLANG_WARN_OBJC_IMPLICIT_RETAIN_SELF = YES;
				CLANG_WARN_OBJC_LITERAL_CONVERSION = YES;
				CLANG_WARN_OBJC_ROOT_CLASS = YES_ERROR;
				CLANG_WARN_QUOTED_INCLUDE_IN_FRAMEWORK_HEADER = YES;
				CLANG_WARN_RANGE_LOOP_ANALYSIS = YES;
				CLANG_WARN_STRICT_PROTOTYPES = YES;
				CLANG_WARN_SUSPICIOUS_MOVE = YES;
				CLANG_WARN_UNGUARDED_AVAILABILITY = YES_AGGRESSIVE;
				CLANG_WARN_UNREACHABLE_CODE = YES;
				CLANG_WARN__DUPLICATE_METHOD_MATCH = YES;
				COPY_PHASE_STRIP = NO;
				DEBUG_INFORMATION_FORMAT = dwarf;
				ENABLE_STRICT_OBJC_MSGSEND = YES;
				ENABLE_TESTABILITY = YES;
				ENABLE_USER_SCRIPT_SANDBOXING = YES;
				GCC_C_LANGUAGE_STANDARD = gnu17;
				GCC_DYNAMIC_NO_PIC = NO;
				GCC_NO_COMMON_BLOCKS = YES;
				GCC_OPTIMIZATION_LEVEL = 0;
				GCC_PREPROCESSOR_DEFINITIONS = (
					"DEBUG=1",
					"$(inherited)",
				);
				GCC_WARN_64_TO_32_BIT_CONVERSION = YES;
				GCC_WARN_ABOUT_RETURN_TYPE = YES_ERROR;
				GCC_WARN_UNDECLARED_SELECTOR = YES;
				GCC_WARN_UNINITIALIZED_AUTOS = YES_AGGRESSIVE;
				GCC_WARN_UNUSED_FUNCTION = YES;
				GCC_WARN_UNUSED_VARIABLE = YES;
				IPHONEOS_DEPLOYMENT_TARGET = 16.0;
				LOCALIZATION_PREFERS_STRING_CATALOGS = YES;
				MTL_ENABLE_DEBUG_INFO = INCLUDE_SOURCE;
				MTL_FAST_MATH = YES;
				ONLY_ACTIVE_ARCH = YES;
				SDKROOT = iphoneos;
				SWIFT_ACTIVE_COMPILATION_CONDITIONS = "DEBUG $(inherited)";
				SWIFT_OPTIMIZATION_LEVEL = "-Onone";
			};
			name = Debug;
		};
		A1000038000000000000001 /* Release */ = {
			isa = XCBuildConfiguration;
			buildSettings = {
				ALWAYS_SEARCH_USER_PATHS = NO;
				ASSETCATALOG_COMPILER_GENERATE_SWIFT_ASSET_SYMBOL_EXTENSIONS = YES;
				CLANG_ANALYZER_NONNULL = YES;
				CLANG_ANALYZER_NUMBER_OBJECT_CONVERSION = YES_AGGRESSIVE;
				CLANG_CXX_LANGUAGE_STANDARD = "gnu++20";
				CLANG_ENABLE_MODULES = YES;
				CLANG_ENABLE_OBJC_ARC = YES;
				CLANG_ENABLE_OBJC_WEAK = YES;
				CLANG_WARN_BLOCK_CAPTURE_AUTORELEASING = YES;
				CLANG_WARN_BOOL_CONVERSION = YES;
				CLANG_WARN_COMMA = YES;
				CLANG_WARN_CONSTANT_CONVERSION = YES;
				CLANG_WARN_DEPRECATED_OBJC_IMPLEMENTATIONS = YES;
				CLANG_WARN_DIRECT_OBJC_ISA_USAGE = YES_ERROR;
				CLANG_WARN_DOCUMENTATION_COMMENTS = YES;
				CLANG_WARN_EMPTY_BODY = YES;
				CLANG_WARN_ENUM_CONVERSION = YES;
				CLANG_WARN_INFINITE_RECURSION = YES;
				CLANG_WARN_INT_CONVERSION = YES;
				CLANG_WARN_NON_LITERAL_NULL_CONVERSION = YES;
				CLANG_WARN_OBJC_IMPLICIT_RETAIN_SELF = YES;
				CLANG_WARN_OBJC_LITERAL_CONVERSION = YES;
				CLANG_WARN_OBJC_ROOT_CLASS = YES_ERROR;
				CLANG_WARN_QUOTED_INCLUDE_IN_FRAMEWORK_HEADER = YES;
				CLANG_WARN_RANGE_LOOP_ANALYSIS = YES;
				CLANG_WARN_STRICT_PROTOTYPES = YES;
				CLANG_WARN_SUSPICIOUS_MOVE = YES;
				CLANG_WARN_UNGUARDED_AVAILABILITY = YES_AGGRESSIVE;
				CLANG_WARN_UNREACHABLE_CODE = YES;
				CLANG_WARN__DUPLICATE_METHOD_MATCH = YES;
				COPY_PHASE_STRIP = NO;
				DEBUG_INFORMATION_FORMAT = "dwarf-with-dsym";
				ENABLE_NS_ASSERTIONS = NO;
				ENABLE_STRICT_OBJC_MSGSEND = YES;
				ENABLE_USER_SCRIPT_SANDBOXING = YES;
				GCC_C_LANGUAGE_STANDARD = gnu17;
				GCC_NO_COMMON_BLOCKS = YES;
				GCC_WARN_64_TO_32_BIT_CONVERSION = YES;
				GCC_WARN_ABOUT_RETURN_TYPE = YES_ERROR;
				GCC_WARN_UNDECLARED_SELECTOR = YES;
				GCC_WARN_UNINITIALIZED_AUTOS = YES_AGGRESSIVE;
				GCC_WARN_UNUSED_FUNCTION = YES;
				GCC_WARN_UNUSED_VARIABLE = YES;
				IPHONEOS_DEPLOYMENT_TARGET = 16.0;
				LOCALIZATION_PREFERS_STRING_CATALOGS = YES;
				MTL_ENABLE_DEBUG_INFO = NO;
				MTL_FAST_MATH = YES;
				SDKROOT = iphoneos;
				SWIFT_COMPILATION_MODE = wholemodule;
				VALIDATE_PRODUCT = YES;
			};
			name = Release;
		};
		A1000039000000000000001 /* Debug */ = {
			isa = XCBuildConfiguration;
			buildSettings = {
				ASSETCATALOG_COMPILER_APPICON_NAME = AppIcon;
				ASSETCATALOG_COMPILER_GLOBAL_ACCENT_COLOR_NAME = AccentColor;
				CODE_SIGN_ENTITLEMENTS = CloudView/CloudView.entitlements;
				CODE_SIGN_STYLE = Automatic;
				CURRENT_PROJECT_VERSION = 1;
				DEVELOPMENT_TEAM = "";
				ENABLE_PREVIEWS = YES;
				GENERATE_INFOPLIST_FILE = NO;
				INFOPLIST_FILE = CloudView/Info.plist;
				INFOPLIST_KEY_NSCameraUsageDescription = "Cloudoodle needs camera access to detect clouds and create AR drawings in the sky";
				INFOPLIST_KEY_NSLocationWhenInUseUsageDescription = "Cloudoodle needs your location to provide accurate weather information";
				INFOPLIST_KEY_UIApplicationSceneManifest_Generation = YES;
				INFOPLIST_KEY_UIApplicationSupportsIndirectInputEvents = YES;
				INFOPLIST_KEY_UILaunchScreen_Generation = YES;
				INFOPLIST_KEY_UISupportedInterfaceOrientations = UIInterfaceOrientationPortrait;
				INFOPLIST_KEY_UIRequiresFullScreen = YES;
				INFOPLIST_KEY_UIStatusBarHidden = NO;
				LD_RUNPATH_SEARCH_PATHS = (
					"$(inherited)",
					"@executable_path/Frameworks",
				);
				MARKETING_VERSION = 1.0;
				PRODUCT_BUNDLE_IDENTIFIER = com.cloudview.app;
				PRODUCT_NAME = "$(TARGET_NAME)";
				SUPPORTED_PLATFORMS = "iphoneos iphonesimulator";
				SUPPORTS_MACCATALYST = NO;
				SUPPORTS_MAC_DESIGNED_FOR_IPHONE_IPAD = NO;
				SWIFT_EMIT_LOC_STRINGS = YES;
				SWIFT_VERSION = 5.0;
				TARGETED_DEVICE_FAMILY = 1;
			};
			name = Debug;
		};
		A1000040000000000000001 /* Release */ = {
			isa = XCBuildConfiguration;
			buildSettings = {
				ASSETCATALOG_COMPILER_APPICON_NAME = AppIcon;
				ASSETCATALOG_COMPILER_GLOBAL_ACCENT_COLOR_NAME = AccentColor;
				CODE_SIGN_ENTITLEMENTS = CloudView/CloudView.entitlements;
				CODE_SIGN_STYLE = Automatic;
				CURRENT_PROJECT_VERSION = 1;
				DEVELOPMENT_TEAM = "";
				ENABLE_PREVIEWS = YES;
				GENERATE_INFOPLIST_FILE = NO;
				INFOPLIST_FILE = CloudView/Info.plist;
				INFOPLIST_KEY_NSCameraUsageDescription = "Cloudoodle needs camera access to detect clouds and create AR drawings in the sky";
				INFOPLIST_KEY_NSLocationWhenInUseUsageDescription = "Cloudoodle needs your location to provide accurate weather information";
				INFOPLIST_KEY_UIApplicationSceneManifest_Generation = YES;
				INFOPLIST_KEY_UIApplicationSupportsIndirectInputEvents = YES;
				INFOPLIST_KEY_UILaunchScreen_Generation = YES;
				INFOPLIST_KEY_UISupportedInterfaceOrientations = UIInterfaceOrientationPortrait;
				INFOPLIST_KEY_UIRequiresFullScreen = YES;
				INFOPLIST_KEY_UIStatusBarHidden = NO;
				LD_RUNPATH_SEARCH_PATHS = (
					"$(inherited)",
					"@executable_path/Frameworks",
				);
				MARKETING_VERSION = 1.0;
				PRODUCT_BUNDLE_IDENTIFIER = com.cloudview.app;
				PRODUCT_NAME = "$(TARGET_NAME)";
				SUPPORTED_PLATFORMS = "iphoneos iphonesimulator";
				SUPPORTS_MACCATALYST = NO;
				SUPPORTS_MAC_DESIGNED_FOR_IPHONE_IPAD = NO;
				SWIFT_EMIT_LOC_STRINGS = YES;
				SWIFT_VERSION = 5.0;
				TARGETED_DEVICE_FAMILY = 1;
			};
			name = Release;
		};
		A1000072000000000000001 /* Debug */ = {
			isa = XCBuildConfiguration;
			buildSettings = {
				BUNDLE_LOADER = "$(TEST_HOST)";
				CODE_SIGN_STYLE = Automatic;
				CURRENT_PROJECT_VERSION = 1;
				DEVELOPMENT_TEAM = "";
				GENERATE_INFOPLIST_FILE = YES;
				IPHONEOS_DEPLOYMENT_TARGET = 16.0;
				LD_RUNPATH_SEARCH_PATHS = (
					"$(inherited)",
					"@executable_path/Frameworks",
					"@loader_path/Frameworks",
				);
				MARKETING_VERSION = 1.0;
				PRODUCT_BUNDLE_IDENTIFIER = com.cloudview.app.tests;
				PRODUCT_NAME = "$(TARGET_NAME)";
				SUPPORTED_PLATFORMS = "iphoneos iphonesimulator";
				SUPPORTS_MACCATALYST = NO;
				SWIFT_EMIT_LOC_STRINGS = NO;
				SWIFT_VERSION = 5.0;
				TARGETED_DEVICE_FAMILY = 1;
				TEST_HOST = "$(BUILT_PRODUCTS_DIR)/CloudView.app/$(BUNDLE_EXECUTABLE_FOLDER_PATH)/CloudView";
			};
			name = Debug;
		};
		A1000073000000000000001 /* Release */ = {
			isa = XCBuildConfiguration;
			buildSettings = {
				BUNDLE_LOADER = "$(TEST_HOST)";
				CODE_SIGN_STYLE = Automatic;
				CURRENT_PROJECT_VERSION = 1;
				DEVELOPMENT_TEAM = "";
				GENERATE_INFOPLIST_FILE = YES;
				IPHONEOS_DEPLOYMENT_TARGET = 16.0;
				LD_RUNPATH_SEARCH_PATHS = (
					"$(inherited)",
					"@executable_path/Frameworks",
					"@loader_path/Frameworks",
				);
				MARKETING_VERSION = 1.0;
				PRODUCT_BUNDLE_IDENTIFIER = com.cloudview.app.tests;
				PRODUCT_NAME = "$(TARGET_NAME)";
				SUPPORTED_PLATFORMS = "iphoneos iphonesimulator";
				SUPPORTS_MACCATALYST = NO;
				SWIFT_EMIT_LOC_STRINGS = NO;
				SWIFT_VERSION = 5.0;
				TARGETED_DEVICE_FAMILY = 1;
				TEST_HOST = "$(BUILT_PRODUCTS_DIR)/CloudView.app/$(BUNDLE_EXECUTABLE_FOLDER_PATH)/CloudView";
			};
			name = Release;
		};
/* End XCBuildConfiguration section */

/* Begin XCConfigurationList section */
		A1000032000000000000001 /* Build configuration list for PBXNativeTarget "CloudView" */ = {
			isa = XCConfigurationList;
			buildConfigurations = (
				A1000039000000000000001 /* Debug */,
				A1000040000000000000001 /* Release */,
			);
			defaultConfigurationIsVisible = 0;
			defaultConfigurationName = Release;
		};
		A1000036000000000000001 /* Build configuration list for PBXProject "CloudView" */ = {
			isa = XCConfigurationList;
			buildConfigurations = (
				A1000037000000000000001 /* Debug */,
				A1000038000000000000001 /* Release */,
			);
			defaultConfigurationIsVisible = 0;
			defaultConfigurationName = Release;
		};
		A1000074000000000000001 /* Build configuration list for PBXNativeTarget "CloudViewTests" */ = {
			isa = XCConfigurationList;
			buildConfigurations = (
				A1000072000000000000001 /* Debug */,
				A1000073000000000000001 /* Release */,
			);
			defaultConfigurationIsVisible = 0;
			defaultConfigurationName = Release;
		};
/* End XCConfigurationList section */
	};
	rootObject = A1000035000000000000001 /* Project object */;
}
